
Microsoft Visual Studio Solution File, Format Version 12.00
# Visual Studio Version 16
VisualStudioVersion = 16.0.30804.86
MinimumVisualStudioVersion = 10.0.40219.1
Project("{FAE04EC0-301F-11D3-BF4B-00C04F79EFBC}") = "CalculateFinishes", "CalculateFinishes.csproj", "{57AAA1A9-07F2-49A2-9109-C6A22AB895AE}"
EndProject
Global
	GlobalSection(SolutionConfigurationPlatforms) = preSolution
		Debug with AddInManager|Any CPU = Debug with AddInManager|Any CPU
		Debug|Any CPU = Debug|Any CPU
		Release|Any CPU = Release|Any CPU
	EndGlobalSection
	GlobalSection(ProjectConfigurationPlatforms) = postSolution
		{57AAA1A9-07F2-49A2-9109-C6A22AB895AE}.Debug with AddInManager|Any CPU.ActiveCfg = Debug with AddInManager|Any CPU
		{57AAA1A9-07F2-49A2-9109-C6A22AB895AE}.Debug with AddInManager|Any CPU.Build.0 = Debug with AddInManager|Any CPU
		{57AAA1A9-07F2-49A2-9109-C6A22AB895AE}.Debug|Any CPU.ActiveCfg = Debug|Any CPU
		{57AAA1A9-07F2-49A2-9109-C6A22AB895AE}.Debug|Any CPU.Build.0 = Debug|Any CPU
		{57AAA1A9-07F2-49A2-9109-C6A22AB895AE}.Release|Any CPU.ActiveCfg = Release|Any CPU
		{57AAA1A9-07F2-49A2-9109-C6A22AB895AE}.Release|Any CPU.Build.0 = Release|Any CPU
	EndGlobalSection
	GlobalSection(SolutionProperties) = preSolution
		HideSolutionNode = FALSE
	EndGlobalSection
	GlobalSection(ExtensibilityGlobals) = postSolution
		SolutionGuid = {AB66E77F-D782-4EBE-B0DA-D84AA3D55B53}
	EndGlobalSection
EndGlobal
