
Microsoft Visual Studio Solution File, Format Version 12.00
# Visual Studio Version 16
VisualStudioVersion = 16.0.30804.86
MinimumVisualStudioVersion = 10.0.40219.1
Project("{FAE04EC0-301F-11D3-BF4B-00C04F79EFBC}") = "ReadInt", "ReadInt\ReadInt.csproj", "{2981634D-5C86-4C1D-B24E-5EBABDB2A57E}"
EndProject
Global
	GlobalSection(SolutionConfigurationPlatforms) = preSolution
		Debug|Any CPU = Debug|Any CPU
		Release|Any CPU = Release|Any CPU
	EndGlobalSection
	GlobalSection(ProjectConfigurationPlatforms) = postSolution
		{2981634D-5C86-4C1D-B24E-5EBABDB2A57E}.Debug|Any CPU.ActiveCfg = Debug|Any CPU
		{2981634D-5C86-4C1D-B24E-5EBABDB2A57E}.Debug|Any CPU.Build.0 = Debug|Any CPU
		{2981634D-5C86-4C1D-B24E-5EBABDB2A57E}.Release|Any CPU.ActiveCfg = Release|Any CPU
		{2981634D-5C86-4C1D-B24E-5EBABDB2A57E}.Release|Any CPU.Build.0 = Release|Any CPU
	EndGlobalSection
	GlobalSection(SolutionProperties) = preSolution
		HideSolutionNode = FALSE
	EndGlobalSection
	GlobalSection(ExtensibilityGlobals) = postSolution
		SolutionGuid = {B8EBC997-EA3B-4DE5-AA83-84B0B7B7A09C}
	EndGlobalSection
EndGlobal
